
Microsoft Visual Studio Solution File, Format Version 12.00
# Visual Studio 15
VisualStudioVersion = 15.0.26730.12
MinimumVisualStudioVersion = 10.0.40219.1
Project("{9A19103F-16F7-4668-BE54-9A1E7A4F7556}") = "Braspag.FluentQueryBuilder", "Braspag.FluentQueryBuilder\Braspag.FluentQueryBuilder.csproj", "{6C76A1C5-E917-4B5F-9A81-E4D50981BA38}"
EndProject
Project("{FAE04EC0-301F-11D3-BF4B-00C04F79EFBC}") = "Braspag.FluentQueryBuilder.Tests", "Braspag.FluentQueryBuilder.Tests\Braspag.FluentQueryBuilder.Tests.csproj", "{00DA88A1-DF5E-415C-BC78-73CEC10CDB3D}"
EndProject
Global
	GlobalSection(SolutionConfigurationPlatforms) = preSolution
		Debug|Any CPU = Debug|Any CPU
		Release|Any CPU = Release|Any CPU
	EndGlobalSection
	GlobalSection(ProjectConfigurationPlatforms) = postSolution
		{6C76A1C5-E917-4B5F-9A81-E4D50981BA38}.Debug|Any CPU.ActiveCfg = Debug|Any CPU
		{6C76A1C5-E917-4B5F-9A81-E4D50981BA38}.Debug|Any CPU.Build.0 = Debug|Any CPU
		{6C76A1C5-E917-4B5F-9A81-E4D50981BA38}.Release|Any CPU.ActiveCfg = Release|Any CPU
		{6C76A1C5-E917-4B5F-9A81-E4D50981BA38}.Release|Any CPU.Build.0 = Release|Any CPU
		{00DA88A1-DF5E-415C-BC78-73CEC10CDB3D}.Debug|Any CPU.ActiveCfg = Debug|Any CPU
		{00DA88A1-DF5E-415C-BC78-73CEC10CDB3D}.Debug|Any CPU.Build.0 = Debug|Any CPU
		{00DA88A1-DF5E-415C-BC78-73CEC10CDB3D}.Release|Any CPU.ActiveCfg = Release|Any CPU
		{00DA88A1-DF5E-415C-BC78-73CEC10CDB3D}.Release|Any CPU.Build.0 = Release|Any CPU
	EndGlobalSection
	GlobalSection(SolutionProperties) = preSolution
		HideSolutionNode = FALSE
	EndGlobalSection
	GlobalSection(ExtensibilityGlobals) = postSolution
		SolutionGuid = {D76D917E-0189-4605-B8F0-8DFEC831ABC3}
	EndGlobalSection
EndGlobal
